
Microsoft Visual Studio Solution File, Format Version 12.00
# Visual Studio Version 16
VisualStudioVersion = 16.0.30804.86
MinimumVisualStudioVersion = 10.0.40219.1
Project("{FAE04EC0-301F-11D3-BF4B-00C04F79EFBC}") = "RealtorServer", "RealtorServer.csproj", "{CE01DBD9-1D52-4875-992E-23F2825C7A0C}"
EndProject
Global
	GlobalSection(SolutionConfigurationPlatforms) = preSolution
		Debug|Any CPU = Debug|Any CPU
		Release|Any CPU = Release|Any CPU
	EndGlobalSection
	GlobalSection(ProjectConfigurationPlatforms) = postSolution
		{CE01DBD9-1D52-4875-992E-23F2825C7A0C}.Debug|Any CPU.ActiveCfg = Debug|Any CPU
		{CE01DBD9-1D52-4875-992E-23F2825C7A0C}.Debug|Any CPU.Build.0 = Debug|Any CPU
		{CE01DBD9-1D52-4875-992E-23F2825C7A0C}.Release|Any CPU.ActiveCfg = Release|Any CPU
		{CE01DBD9-1D52-4875-992E-23F2825C7A0C}.Release|Any CPU.Build.0 = Release|Any CPU
	EndGlobalSection
	GlobalSection(SolutionProperties) = preSolution
		HideSolutionNode = FALSE
	EndGlobalSection
	GlobalSection(ExtensibilityGlobals) = postSolution
		SolutionGuid = {A198DBC9-2AA8-4DDF-9230-6418C6A925E9}
	EndGlobalSection
EndGlobal
